// !$*UTF8*$!
{
	archiveVersion = 1;
	classes = {
	};
	objectVersion = 46;
	objects = {

/* Begin PBXBuildFile section */
		332C76701659FC2100ED81CD /* CFNetwork.framework in Frameworks */ = {isa = PBXBuildFile; fileRef = 332C766F1659FC2100ED81CD /* CFNetwork.framework */; };
		332C76731659FE5900ED81CD /* SystemConfiguration.framework in Frameworks */ = {isa = PBXBuildFile; fileRef = 332C76721659FE5900ED81CD /* SystemConfiguration.framework */; };
		332C76971659FEFA00ED81CD /* MobileCoreServices.framework in Frameworks */ = {isa = PBXBuildFile; fileRef = 332C76961659FEF900ED81CD /* MobileCoreServices.framework */; };
		33A87D211665470000115E6A /* GTMNSString+HTML.m in Sources */ = {isa = PBXBuildFile; fileRef = 33A87D1F1665470000115E6A /* GTMNSString+HTML.m */; settings = {COMPILER_FLAGS = "-fno-objc-arc"; }; };
		33A87D221665470000115E6A /* NSString+HTML.m in Sources */ = {isa = PBXBuildFile; fileRef = 33A87D201665470000115E6A /* NSString+HTML.m */; settings = {COMPILER_FLAGS = "-fno-objc-arc"; }; };
		33C9F57B16648C3E009341A5 /* copymove-cell-bg.png in Resources */ = {isa = PBXBuildFile; fileRef = 33C9F55E16648C3E009341A5 /* copymove-cell-bg.png */; };
		33C9F57D16648C3E009341A5 /* item-counter.png in Resources */ = {isa = PBXBuildFile; fileRef = 33C9F56116648C3E009341A5 /* item-counter.png */; };
		33C9F57E16648C3E009341A5 /* item-counter@2x.png in Resources */ = {isa = PBXBuildFile; fileRef = 33C9F56216648C3E009341A5 /* item-counter@2x.png */; };
		33C9F57F16648C3E009341A5 /* item-icon-folder-selected.png in Resources */ = {isa = PBXBuildFile; fileRef = 33C9F56316648C3E009341A5 /* item-icon-folder-selected.png */; };
		33C9F58016648C3E009341A5 /* item-icon-folder-selected@2x.png in Resources */ = {isa = PBXBuildFile; fileRef = 33C9F56416648C3E009341A5 /* item-icon-folder-selected@2x.png */; };
		33C9F58116648C3E009341A5 /* item-icon-folder.png in Resources */ = {isa = PBXBuildFile; fileRef = 33C9F56516648C3E009341A5 /* item-icon-folder.png */; };
		33C9F58216648C3E009341A5 /* item-icon-folder@2x.png in Resources */ = {isa = PBXBuildFile; fileRef = 33C9F56616648C3E009341A5 /* item-icon-folder@2x.png */; };
		33C9F58516648C3E009341A5 /* KOTreeItem.m in Sources */ = {isa = PBXBuildFile; fileRef = 33C9F56C16648C3E009341A5 /* KOTreeItem.m */; };
		33C9F58616648C3E009341A5 /* KOTreeTableViewCell.m in Sources */ = {isa = PBXBuildFile; fileRef = 33C9F56E16648C3E009341A5 /* KOTreeTableViewCell.m */; };
		33C9F58716648C3E009341A5 /* KOTreeViewController.m in Sources */ = {isa = PBXBuildFile; fileRef = 33C9F57016648C3E009341A5 /* KOTreeViewController.m */; };
		33D64298165B72720075481B /* ImageIO.framework in Frameworks */ = {isa = PBXBuildFile; fileRef = 33D64297165B72720075481B /* ImageIO.framework */; };
		33D6429A165B72850075481B /* libc++.dylib in Frameworks */ = {isa = PBXBuildFile; fileRef = 33D64299165B72850075481B /* libc++.dylib */; };
		33D6429C165B728F0075481B /* libz.dylib in Frameworks */ = {isa = PBXBuildFile; fileRef = 33D6429B165B728F0075481B /* libz.dylib */; };
		33D642AE165B77B60075481B /* libzipzap.a in Frameworks */ = {isa = PBXBuildFile; fileRef = 33D642AB165B777F0075481B /* libzipzap.a */; };
		33EC2F46165B83D70085EDC9 /* Cloud-Settings.plist in Resources */ = {isa = PBXBuildFile; fileRef = 33EC2E7D165B83D70085EDC9 /* Cloud-Settings.plist */; };
		33EC2F47165B83D70085EDC9 /* DZAlertCenter.m in Sources */ = {isa = PBXBuildFile; fileRef = 33EC2E7F165B83D70085EDC9 /* DZAlertCenter.m */; };
		33EC2F48165B83D70085EDC9 /* DZDocument.m in Sources */ = {isa = PBXBuildFile; fileRef = 33EC2E81165B83D70085EDC9 /* DZDocument.m */; };
		33EC2F49165B83D70085EDC9 /* DZDocumentsPickerController.m in Sources */ = {isa = PBXBuildFile; fileRef = 33EC2E83165B83D70085EDC9 /* DZDocumentsPickerController.m */; };
		33EC2F4A165B83D70085EDC9 /* DZServicesManager.m in Sources */ = {isa = PBXBuildFile; fileRef = 33EC2E85165B83D70085EDC9 /* DZServicesManager.m */; };
		33EC2F4B165B83D70085EDC9 /* DZServiceTableViewCell.m in Sources */ = {isa = PBXBuildFile; fileRef = 33EC2E87165B83D70085EDC9 /* DZServiceTableViewCell.m */; };
		33EC2F4C165B83D70085EDC9 /* DropboxSDK.framework in Frameworks */ = {isa = PBXBuildFile; fileRef = 33EC2E89165B83D70085EDC9 /* DropboxSDK.framework */; };
		33EC2F4E165B83D70085EDC9 /* NSArray+DZEN.m in Sources */ = {isa = PBXBuildFile; fileRef = 33EC2E8E165B83D70085EDC9 /* NSArray+DZEN.m */; };
		33EC2F4F165B83D70085EDC9 /* NSDate+DZEN.m in Sources */ = {isa = PBXBuildFile; fileRef = 33EC2E90165B83D70085EDC9 /* NSDate+DZEN.m */; };
		33EC2F50165B83D70085EDC9 /* NSMutableArray+DZEN.m in Sources */ = {isa = PBXBuildFile; fileRef = 33EC2E92165B83D70085EDC9 /* NSMutableArray+DZEN.m */; };
		33EC2F51165B83D70085EDC9 /* NSObject+DZEN.m in Sources */ = {isa = PBXBuildFile; fileRef = 33EC2E94165B83D70085EDC9 /* NSObject+DZEN.m */; };
		33EC2F52165B83D70085EDC9 /* NSString+DZEN.m in Sources */ = {isa = PBXBuildFile; fileRef = 33EC2E96165B83D70085EDC9 /* NSString+DZEN.m */; };
		33EC2F53165B83D70085EDC9 /* UIColor+DZEN.m in Sources */ = {isa = PBXBuildFile; fileRef = 33EC2E98165B83D70085EDC9 /* UIColor+DZEN.m */; };
		33EC2F54165B83D70085EDC9 /* UIImage+DZEN.m in Sources */ = {isa = PBXBuildFile; fileRef = 33EC2E9A165B83D70085EDC9 /* UIImage+DZEN.m */; };
		33EC2F55165B83D70085EDC9 /* UITableView+DZEN.m in Sources */ = {isa = PBXBuildFile; fileRef = 33EC2E9C165B83D70085EDC9 /* UITableView+DZEN.m */; };
		33EC2F56165B83D70085EDC9 /* UIView+DZEN.m in Sources */ = {isa = PBXBuildFile; fileRef = 33EC2E9E165B83D70085EDC9 /* UIView+DZEN.m */; };
		33EC2F57165B83D70085EDC9 /* UIWebView+DZEN.m in Sources */ = {isa = PBXBuildFile; fileRef = 33EC2EA0165B83D70085EDC9 /* UIWebView+DZEN.m */; };
		33EC2F65165B83D70085EDC9 /* Reachability.m in Sources */ = {isa = PBXBuildFile; fileRef = 33EC2EC4165B83D70085EDC9 /* Reachability.m */; };
		33EC2F8F165B83D70085EDC9 /* EGORefreshTableHeaderView.m in Sources */ = {isa = PBXBuildFile; fileRef = 33EC2F0D165B83D70085EDC9 /* EGORefreshTableHeaderView.m */; };
		33EC2F90165B83D70085EDC9 /* blackArrow.png in Resources */ = {isa = PBXBuildFile; fileRef = 33EC2F0F165B83D70085EDC9 /* blackArrow.png */; };
		33EC2F91165B83D70085EDC9 /* blackArrow@2x.png in Resources */ = {isa = PBXBuildFile; fileRef = 33EC2F10165B83D70085EDC9 /* blackArrow@2x.png */; };
		33EC2F92165B83D70085EDC9 /* blueArrow.png in Resources */ = {isa = PBXBuildFile; fileRef = 33EC2F11165B83D70085EDC9 /* blueArrow.png */; };
		33EC2F93165B83D70085EDC9 /* blueArrow@2x.png in Resources */ = {isa = PBXBuildFile; fileRef = 33EC2F12165B83D70085EDC9 /* blueArrow@2x.png */; };
		33EC2F94165B83D70085EDC9 /* grayArrow.png in Resources */ = {isa = PBXBuildFile; fileRef = 33EC2F13165B83D70085EDC9 /* grayArrow.png */; };
		33EC2F95165B83D70085EDC9 /* grayArrow@2x.png in Resources */ = {isa = PBXBuildFile; fileRef = 33EC2F14165B83D70085EDC9 /* grayArrow@2x.png */; };
		33EC2F96165B83D70085EDC9 /* whiteArrow.png in Resources */ = {isa = PBXBuildFile; fileRef = 33EC2F15165B83D70085EDC9 /* whiteArrow.png */; };
		33EC2F97165B83D70085EDC9 /* whiteArrow@2x.png in Resources */ = {isa = PBXBuildFile; fileRef = 33EC2F16165B83D70085EDC9 /* whiteArrow@2x.png */; };
		33EC2F99165B83D70085EDC9 /* DZServiceTableViewCell.xib in Resources */ = {isa = PBXBuildFile; fileRef = 33EC2F19165B83D70085EDC9 /* DZServiceTableViewCell.xib */; };
		33EC2F9A165B83D70085EDC9 /* icon_bmp.png in Resources */ = {isa = PBXBuildFile; fileRef = 33EC2F1A165B83D70085EDC9 /* icon_bmp.png */; };
		33EC2F9B165B83D70085EDC9 /* icon_doc.png in Resources */ = {isa = PBXBuildFile; fileRef = 33EC2F1B165B83D70085EDC9 /* icon_doc.png */; };
		33EC2F9C165B83D70085EDC9 /* icon_folder.png in Resources */ = {isa = PBXBuildFile; fileRef = 33EC2F1C165B83D70085EDC9 /* icon_folder.png */; };
		33EC2F9D165B83D70085EDC9 /* icon_gif.png in Resources */ = {isa = PBXBuildFile; fileRef = 33EC2F1D165B83D70085EDC9 /* icon_gif.png */; };
		33EC2F9E165B83D70085EDC9 /* icon_jpeg.png in Resources */ = {isa = PBXBuildFile; fileRef = 33EC2F1E165B83D70085EDC9 /* icon_jpeg.png */; };
		33EC2F9F165B83D70085EDC9 /* icon_jpg.png in Resources */ = {isa = PBXBuildFile; fileRef = 33EC2F1F165B83D70085EDC9 /* icon_jpg.png */; };
		33EC2FA0165B83D70085EDC9 /* icon_pdf.png in Resources */ = {isa = PBXBuildFile; fileRef = 33EC2F20165B83D70085EDC9 /* icon_pdf.png */; };
		33EC2FA1165B83D70085EDC9 /* icon_png.png in Resources */ = {isa = PBXBuildFile; fileRef = 33EC2F21165B83D70085EDC9 /* icon_png.png */; };
		33EC2FA2165B83D70085EDC9 /* icon_ppt.png in Resources */ = {isa = PBXBuildFile; fileRef = 33EC2F22165B83D70085EDC9 /* icon_ppt.png */; };
		33EC2FA3165B83D70085EDC9 /* icon_rar.png in Resources */ = {isa = PBXBuildFile; fileRef = 33EC2F23165B83D70085EDC9 /* icon_rar.png */; };
		33EC2FA4165B83D70085EDC9 /* icon_sitx.png in Resources */ = {isa = PBXBuildFile; fileRef = 33EC2F24165B83D70085EDC9 /* icon_sitx.png */; };
		33EC2FA5165B83D70085EDC9 /* icon_tif.png in Resources */ = {isa = PBXBuildFile; fileRef = 33EC2F25165B83D70085EDC9 /* icon_tif.png */; };
		33EC2FA6165B83D70085EDC9 /* icon_unknown.png in Resources */ = {isa = PBXBuildFile; fileRef = 33EC2F26165B83D70085EDC9 /* icon_unknown.png */; };
		33EC2FA7165B83D70085EDC9 /* icon_xls.png in Resources */ = {isa = PBXBuildFile; fileRef = 33EC2F27165B83D70085EDC9 /* icon_xls.png */; };
		33EC2FA8165B83D70085EDC9 /* icon_zip.png in Resources */ = {isa = PBXBuildFile; fileRef = 33EC2F28165B83D70085EDC9 /* icon_zip.png */; };
		33EC2FAD165B83D70085EDC9 /* logo_dropbox.png in Resources */ = {isa = PBXBuildFile; fileRef = 33EC2F2D165B83D70085EDC9 /* logo_dropbox.png */; };
		33EC2FAE165B83D70085EDC9 /* logo_dropbox@2x.png in Resources */ = {isa = PBXBuildFile; fileRef = 33EC2F2E165B83D70085EDC9 /* logo_dropbox@2x.png */; };
		33F5966F165C94A100764C86 /* sourcer.bundle in Resources */ = {isa = PBXBuildFile; fileRef = 33F5966E165C94A100764C86 /* sourcer.bundle */; };
		35CC510859C6FF2DDEE84803 /* main.m in Sources */ = {isa = PBXBuildFile; fileRef = 35CC546F25938546615138B7 /* main.m */; };
		35CC5117C3022BCB6D2792FD /* Foundation.framework in Frameworks */ = {isa = PBXBuildFile; fileRef = 35CC585D525FB1E90CE823F2 /* Foundation.framework */; };
		35CC5152323D2FEEE0A9624F /* Foundation.framework in Frameworks */ = {isa = PBXBuildFile; fileRef = 35CC585D525FB1E90CE823F2 /* Foundation.framework */; };
		35CC51C69977800FB35460A1 /* CoreGraphics.framework in Frameworks */ = {isa = PBXBuildFile; fileRef = 35CC51CCF2B247A59A1BA1A0 /* CoreGraphics.framework */; };
		35CC53874DE22C53E9DDC7BF /* MainStoryboard.storyboard in Resources */ = {isa = PBXBuildFile; fileRef = 35CC5C716A595E16B7C0B750 /* MainStoryboard.storyboard */; };
		35CC53BBD5A3BF6292214000 /* Security.framework in Frameworks */ = {isa = PBXBuildFile; fileRef = 35CC512DBDFA1B8AF2699F8C /* Security.framework */; };
		35CC54B715203EC50DC733F9 /* ViewController.m in Sources */ = {isa = PBXBuildFile; fileRef = 35CC58FDF5F4537A5FD462C3 /* ViewController.m */; };
		35CC554309D619F16C051BB1 /* QuartzCore.framework in Frameworks */ = {isa = PBXBuildFile; fileRef = 35CC5A45E1FA897EDF27EE9F /* QuartzCore.framework */; };
		35CC55AF35F05034D4238F7A /* InfoPlist.strings in Resources */ = {isa = PBXBuildFile; fileRef = 35CC592EA67B0F5A4EA7638E /* InfoPlist.strings */; };
		35CC57341BD0E36D59B22F79 /* UIKit.framework in Frameworks */ = {isa = PBXBuildFile; fileRef = 35CC565C05D466A77BCED885 /* UIKit.framework */; };
		35CC580A645C585097D2A214 /* NSString+CountString.m in Sources */ = {isa = PBXBuildFile; fileRef = 35CC54A5D7FEAAD8529C0401 /* NSString+CountString.m */; };
		35CC58F8F856833206BAC371 /* SourcePickerController.m in Sources */ = {isa = PBXBuildFile; fileRef = 35CC5E5887976AE2D6CC3CCF /* SourcePickerController.m */; };
		35CC5ADFF1C0E69AA9D14D38 /* InfoPlist.strings in Resources */ = {isa = PBXBuildFile; fileRef = 35CC580484B33F6D2D3F36C9 /* InfoPlist.strings */; };
		35CC5B3E41665514ABB9F7BE /* SourceCodeReaderTests.m in Sources */ = {isa = PBXBuildFile; fileRef = 35CC52381D3A0BC49B647860 /* SourceCodeReaderTests.m */; };
		35CC5C8C76AFAC62385EDB77 /* AppDelegate.m in Sources */ = {isa = PBXBuildFile; fileRef = 35CC561E04322138729EAD02 /* AppDelegate.m */; };
		35CC5D15ECC21EC4DDBD11CC /* UIKit.framework in Frameworks */ = {isa = PBXBuildFile; fileRef = 35CC565C05D466A77BCED885 /* UIKit.framework */; };
		35CC5D2464D7A46BDB7DCAE5 /* ZipHandler.m in Sources */ = {isa = PBXBuildFile; fileRef = 35CC5561378DEBCBE84D2C3D /* ZipHandler.m */; };
		35CC5E94DD53B0FE45BC2764 /* SenTestingKit.framework in Frameworks */ = {isa = PBXBuildFile; fileRef = 35CC509DB2E28085E738DCB9 /* SenTestingKit.framework */; };
/* End PBXBuildFile section */

/* Begin PBXContainerItemProxy section */
		33D642A8165B777F0075481B /* PBXContainerItemProxy */ = {
			isa = PBXContainerItemProxy;
			containerPortal = 33D6429F165B777E0075481B /* zipzap.xcodeproj */;
			proxyType = 2;
			remoteGlobalIDString = D899CF82162C5EC100112F49;
			remoteInfo = "zipzap (OS X)";
		};
		33D642AA165B777F0075481B /* PBXContainerItemProxy */ = {
			isa = PBXContainerItemProxy;
			containerPortal = 33D6429F165B777E0075481B /* zipzap.xcodeproj */;
			proxyType = 2;
			remoteGlobalIDString = D899CFB0162C5EEB00112F49;
			remoteInfo = "zipzap (iOS)";
		};
		33D642AC165B777F0075481B /* PBXContainerItemProxy */ = {
			isa = PBXContainerItemProxy;
			containerPortal = 33D6429F165B777E0075481B /* zipzap.xcodeproj */;
			proxyType = 2;
			remoteGlobalIDString = D899CF96162C5EC100112F49;
			remoteInfo = zipzapTests;
		};
		35CC52FD6CD6ACBE77391038 /* PBXContainerItemProxy */ = {
			isa = PBXContainerItemProxy;
			containerPortal = 35CC59DBF85A6AE2FE3DB440 /* Project object */;
			proxyType = 1;
			remoteGlobalIDString = 35CC5548BB98675A1C0C4EC5;
			remoteInfo = SourceCodeReader;
		};
/* End PBXContainerItemProxy section */

/* Begin PBXFileReference section */
		332C766F1659FC2100ED81CD /* CFNetwork.framework */ = {isa = PBXFileReference; lastKnownFileType = wrapper.framework; name = CFNetwork.framework; path = System/Library/Frameworks/CFNetwork.framework; sourceTree = SDKROOT; };
		332C76721659FE5900ED81CD /* SystemConfiguration.framework */ = {isa = PBXFileReference; lastKnownFileType = wrapper.framework; name = SystemConfiguration.framework; path = System/Library/Frameworks/SystemConfiguration.framework; sourceTree = SDKROOT; };
		332C76961659FEF900ED81CD /* MobileCoreServices.framework */ = {isa = PBXFileReference; lastKnownFileType = wrapper.framework; name = MobileCoreServices.framework; path = System/Library/Frameworks/MobileCoreServices.framework; sourceTree = SDKROOT; };
		33A87D1D1665470000115E6A /* GTMNSString+HTML.h */ = {isa = PBXFileReference; fileEncoding = 4; lastKnownFileType = sourcecode.c.h; path = "GTMNSString+HTML.h"; sourceTree = "<group>"; };
		33A87D1E1665470000115E6A /* NSString+HTML.h */ = {isa = PBXFileReference; fileEncoding = 4; lastKnownFileType = sourcecode.c.h; path = "NSString+HTML.h"; sourceTree = "<group>"; };
		33A87D1F1665470000115E6A /* GTMNSString+HTML.m */ = {isa = PBXFileReference; fileEncoding = 4; lastKnownFileType = sourcecode.c.objc; path = "GTMNSString+HTML.m"; sourceTree = "<group>"; };
		33A87D201665470000115E6A /* NSString+HTML.m */ = {isa = PBXFileReference; fileEncoding = 4; lastKnownFileType = sourcecode.c.objc; path = "NSString+HTML.m"; sourceTree = "<group>"; };
		33C9F55E16648C3E009341A5 /* copymove-cell-bg.png */ = {isa = PBXFileReference; lastKnownFileType = image.png; path = "copymove-cell-bg.png"; sourceTree = "<group>"; };
		33C9F56116648C3E009341A5 /* item-counter.png */ = {isa = PBXFileReference; lastKnownFileType = image.png; path = "item-counter.png"; sourceTree = "<group>"; };
		33C9F56216648C3E009341A5 /* item-counter@2x.png */ = {isa = PBXFileReference; lastKnownFileType = image.png; path = "item-counter@2x.png"; sourceTree = "<group>"; };
		33C9F56316648C3E009341A5 /* item-icon-folder-selected.png */ = {isa = PBXFileReference; lastKnownFileType = image.png; path = "item-icon-folder-selected.png"; sourceTree = "<group>"; };
		33C9F56416648C3E009341A5 /* item-icon-folder-selected@2x.png */ = {isa = PBXFileReference; lastKnownFileType = image.png; path = "item-icon-folder-selected@2x.png"; sourceTree = "<group>"; };
		33C9F56516648C3E009341A5 /* item-icon-folder.png */ = {isa = PBXFileReference; lastKnownFileType = image.png; path = "item-icon-folder.png"; sourceTree = "<group>"; };
		33C9F56616648C3E009341A5 /* item-icon-folder@2x.png */ = {isa = PBXFileReference; lastKnownFileType = image.png; path = "item-icon-folder@2x.png"; sourceTree = "<group>"; };
		33C9F56B16648C3E009341A5 /* KOTreeItem.h */ = {isa = PBXFileReference; fileEncoding = 4; lastKnownFileType = sourcecode.c.h; path = KOTreeItem.h; sourceTree = "<group>"; };
		33C9F56C16648C3E009341A5 /* KOTreeItem.m */ = {isa = PBXFileReference; fileEncoding = 4; lastKnownFileType = sourcecode.c.objc; path = KOTreeItem.m; sourceTree = "<group>"; };
		33C9F56D16648C3E009341A5 /* KOTreeTableViewCell.h */ = {isa = PBXFileReference; fileEncoding = 4; lastKnownFileType = sourcecode.c.h; path = KOTreeTableViewCell.h; sourceTree = "<group>"; };
		33C9F56E16648C3E009341A5 /* KOTreeTableViewCell.m */ = {isa = PBXFileReference; fileEncoding = 4; lastKnownFileType = sourcecode.c.objc; path = KOTreeTableViewCell.m; sourceTree = "<group>"; };
		33C9F56F16648C3E009341A5 /* KOTreeViewController.h */ = {isa = PBXFileReference; fileEncoding = 4; lastKnownFileType = sourcecode.c.h; path = KOTreeViewController.h; sourceTree = "<group>"; };
		33C9F57016648C3E009341A5 /* KOTreeViewController.m */ = {isa = PBXFileReference; fileEncoding = 4; lastKnownFileType = sourcecode.c.objc; path = KOTreeViewController.m; sourceTree = "<group>"; };
		33D64297165B72720075481B /* ImageIO.framework */ = {isa = PBXFileReference; lastKnownFileType = wrapper.framework; name = ImageIO.framework; path = System/Library/Frameworks/ImageIO.framework; sourceTree = SDKROOT; };
		33D64299165B72850075481B /* libc++.dylib */ = {isa = PBXFileReference; lastKnownFileType = "compiled.mach-o.dylib"; name = "libc++.dylib"; path = "usr/lib/libc++.dylib"; sourceTree = SDKROOT; };
		33D6429B165B728F0075481B /* libz.dylib */ = {isa = PBXFileReference; lastKnownFileType = "compiled.mach-o.dylib"; name = libz.dylib; path = usr/lib/libz.dylib; sourceTree = SDKROOT; };
		33D6429F165B777E0075481B /* zipzap.xcodeproj */ = {isa = PBXFileReference; lastKnownFileType = "wrapper.pb-project"; name = zipzap.xcodeproj; path = zipzap/zipzap.xcodeproj; sourceTree = "<group>"; };
		33EC2E7A165B83D70085EDC9 /* Icon.psd */ = {isa = PBXFileReference; lastKnownFileType = file; path = Icon.psd; sourceTree = "<group>"; };
		33EC2E7B165B83D70085EDC9 /* screenshots.psd */ = {isa = PBXFileReference; lastKnownFileType = file; path = screenshots.psd; sourceTree = "<group>"; };
		33EC2E7C165B83D70085EDC9 /* servicesLogos@2x.psd */ = {isa = PBXFileReference; lastKnownFileType = file; path = "servicesLogos@2x.psd"; sourceTree = "<group>"; };
		33EC2E7D165B83D70085EDC9 /* Cloud-Settings.plist */ = {isa = PBXFileReference; fileEncoding = 4; lastKnownFileType = text.plist.xml; path = "Cloud-Settings.plist"; sourceTree = "<group>"; };
		33EC2E7E165B83D70085EDC9 /* DZAlertCenter.h */ = {isa = PBXFileReference; fileEncoding = 4; lastKnownFileType = sourcecode.c.h; path = DZAlertCenter.h; sourceTree = "<group>"; };
		33EC2E7F165B83D70085EDC9 /* DZAlertCenter.m */ = {isa = PBXFileReference; fileEncoding = 4; lastKnownFileType = sourcecode.c.objc; path = DZAlertCenter.m; sourceTree = "<group>"; };
		33EC2E80165B83D70085EDC9 /* DZDocument.h */ = {isa = PBXFileReference; fileEncoding = 4; lastKnownFileType = sourcecode.c.h; path = DZDocument.h; sourceTree = "<group>"; };
		33EC2E81165B83D70085EDC9 /* DZDocument.m */ = {isa = PBXFileReference; fileEncoding = 4; lastKnownFileType = sourcecode.c.objc; path = DZDocument.m; sourceTree = "<group>"; };
		33EC2E82165B83D70085EDC9 /* DZDocumentsPickerController.h */ = {isa = PBXFileReference; fileEncoding = 4; lastKnownFileType = sourcecode.c.h; path = DZDocumentsPickerController.h; sourceTree = "<group>"; };
		33EC2E83165B83D70085EDC9 /* DZDocumentsPickerController.m */ = {isa = PBXFileReference; fileEncoding = 4; lastKnownFileType = sourcecode.c.objc; path = DZDocumentsPickerController.m; sourceTree = "<group>"; };
		33EC2E84165B83D70085EDC9 /* DZServicesManager.h */ = {isa = PBXFileReference; fileEncoding = 4; lastKnownFileType = sourcecode.c.h; path = DZServicesManager.h; sourceTree = "<group>"; };
		33EC2E85165B83D70085EDC9 /* DZServicesManager.m */ = {isa = PBXFileReference; fileEncoding = 4; lastKnownFileType = sourcecode.c.objc; path = DZServicesManager.m; sourceTree = "<group>"; };
		33EC2E86165B83D70085EDC9 /* DZServiceTableViewCell.h */ = {isa = PBXFileReference; fileEncoding = 4; lastKnownFileType = sourcecode.c.h; path = DZServiceTableViewCell.h; sourceTree = "<group>"; };
		33EC2E87165B83D70085EDC9 /* DZServiceTableViewCell.m */ = {isa = PBXFileReference; fileEncoding = 4; lastKnownFileType = sourcecode.c.objc; path = DZServiceTableViewCell.m; sourceTree = "<group>"; };
		33EC2E89165B83D70085EDC9 /* DropboxSDK.framework */ = {isa = PBXFileReference; lastKnownFileType = wrapper.framework; path = DropboxSDK.framework; sourceTree = "<group>"; };
		33EC2E8B165B83D70085EDC9 /* .gitignore */ = {isa = PBXFileReference; fileEncoding = 4; lastKnownFileType = text; path = .gitignore; sourceTree = "<group>"; };
		33EC2E8C165B83D70085EDC9 /* DZCategories.h */ = {isa = PBXFileReference; fileEncoding = 4; lastKnownFileType = sourcecode.c.h; path = DZCategories.h; sourceTree = "<group>"; };
		33EC2E8D165B83D70085EDC9 /* NSArray+DZEN.h */ = {isa = PBXFileReference; fileEncoding = 4; lastKnownFileType = sourcecode.c.h; path = "NSArray+DZEN.h"; sourceTree = "<group>"; };
		33EC2E8E165B83D70085EDC9 /* NSArray+DZEN.m */ = {isa = PBXFileReference; fileEncoding = 4; lastKnownFileType = sourcecode.c.objc; path = "NSArray+DZEN.m"; sourceTree = "<group>"; };
		33EC2E8F165B83D70085EDC9 /* NSDate+DZEN.h */ = {isa = PBXFileReference; fileEncoding = 4; lastKnownFileType = sourcecode.c.h; path = "NSDate+DZEN.h"; sourceTree = "<group>"; };
		33EC2E90165B83D70085EDC9 /* NSDate+DZEN.m */ = {isa = PBXFileReference; fileEncoding = 4; lastKnownFileType = sourcecode.c.objc; path = "NSDate+DZEN.m"; sourceTree = "<group>"; };
		33EC2E91165B83D70085EDC9 /* NSMutableArray+DZEN.h */ = {isa = PBXFileReference; fileEncoding = 4; lastKnownFileType = sourcecode.c.h; path = "NSMutableArray+DZEN.h"; sourceTree = "<group>"; };
		33EC2E92165B83D70085EDC9 /* NSMutableArray+DZEN.m */ = {isa = PBXFileReference; fileEncoding = 4; lastKnownFileType = sourcecode.c.objc; path = "NSMutableArray+DZEN.m"; sourceTree = "<group>"; };
		33EC2E93165B83D70085EDC9 /* NSObject+DZEN.h */ = {isa = PBXFileReference; fileEncoding = 4; lastKnownFileType = sourcecode.c.h; path = "NSObject+DZEN.h"; sourceTree = "<group>"; };
		33EC2E94165B83D70085EDC9 /* NSObject+DZEN.m */ = {isa = PBXFileReference; fileEncoding = 4; lastKnownFileType = sourcecode.c.objc; path = "NSObject+DZEN.m"; sourceTree = "<group>"; };
		33EC2E95165B83D70085EDC9 /* NSString+DZEN.h */ = {isa = PBXFileReference; fileEncoding = 4; lastKnownFileType = sourcecode.c.h; path = "NSString+DZEN.h"; sourceTree = "<group>"; };
		33EC2E96165B83D70085EDC9 /* NSString+DZEN.m */ = {isa = PBXFileReference; fileEncoding = 4; lastKnownFileType = sourcecode.c.objc; path = "NSString+DZEN.m"; sourceTree = "<group>"; };
		33EC2E97165B83D70085EDC9 /* UIColor+DZEN.h */ = {isa = PBXFileReference; fileEncoding = 4; lastKnownFileType = sourcecode.c.h; path = "UIColor+DZEN.h"; sourceTree = "<group>"; };
		33EC2E98165B83D70085EDC9 /* UIColor+DZEN.m */ = {isa = PBXFileReference; fileEncoding = 4; lastKnownFileType = sourcecode.c.objc; path = "UIColor+DZEN.m"; sourceTree = "<group>"; };
		33EC2E99165B83D70085EDC9 /* UIImage+DZEN.h */ = {isa = PBXFileReference; fileEncoding = 4; lastKnownFileType = sourcecode.c.h; path = "UIImage+DZEN.h"; sourceTree = "<group>"; };
		33EC2E9A165B83D70085EDC9 /* UIImage+DZEN.m */ = {isa = PBXFileReference; fileEncoding = 4; lastKnownFileType = sourcecode.c.objc; path = "UIImage+DZEN.m"; sourceTree = "<group>"; };
		33EC2E9B165B83D70085EDC9 /* UITableView+DZEN.h */ = {isa = PBXFileReference; fileEncoding = 4; lastKnownFileType = sourcecode.c.h; path = "UITableView+DZEN.h"; sourceTree = "<group>"; };
		33EC2E9C165B83D70085EDC9 /* UITableView+DZEN.m */ = {isa = PBXFileReference; fileEncoding = 4; lastKnownFileType = sourcecode.c.objc; path = "UITableView+DZEN.m"; sourceTree = "<group>"; };
		33EC2E9D165B83D70085EDC9 /* UIView+DZEN.h */ = {isa = PBXFileReference; fileEncoding = 4; lastKnownFileType = sourcecode.c.h; path = "UIView+DZEN.h"; sourceTree = "<group>"; };
		33EC2E9E165B83D70085EDC9 /* UIView+DZEN.m */ = {isa = PBXFileReference; fileEncoding = 4; lastKnownFileType = sourcecode.c.objc; path = "UIView+DZEN.m"; sourceTree = "<group>"; };
		33EC2E9F165B83D70085EDC9 /* UIWebView+DZEN.h */ = {isa = PBXFileReference; fileEncoding = 4; lastKnownFileType = sourcecode.c.h; path = "UIWebView+DZEN.h"; sourceTree = "<group>"; };
		33EC2EA0165B83D70085EDC9 /* UIWebView+DZEN.m */ = {isa = PBXFileReference; fileEncoding = 4; lastKnownFileType = sourcecode.c.objc; path = "UIWebView+DZEN.m"; sourceTree = "<group>"; };
		33EC2EA2165B83D70085EDC9 /* .gitignore */ = {isa = PBXFileReference; fileEncoding = 4; lastKnownFileType = text; path = .gitignore; sourceTree = "<group>"; };
		33EC2EC3165B83D70085EDC9 /* Reachability.h */ = {isa = PBXFileReference; fileEncoding = 4; lastKnownFileType = sourcecode.c.h; path = Reachability.h; sourceTree = "<group>"; };
		33EC2EC4165B83D70085EDC9 /* Reachability.m */ = {isa = PBXFileReference; fileEncoding = 4; lastKnownFileType = sourcecode.c.objc; path = Reachability.m; sourceTree = "<group>"; };
		33EC2EC8165B83D70085EDC9 /* .gitignore */ = {isa = PBXFileReference; fileEncoding = 4; lastKnownFileType = text; path = .gitignore; sourceTree = "<group>"; };
		33EC2F0C165B83D70085EDC9 /* EGORefreshTableHeaderView.h */ = {isa = PBXFileReference; fileEncoding = 4; lastKnownFileType = sourcecode.c.h; path = EGORefreshTableHeaderView.h; sourceTree = "<group>"; };
		33EC2F0D165B83D70085EDC9 /* EGORefreshTableHeaderView.m */ = {isa = PBXFileReference; fileEncoding = 4; lastKnownFileType = sourcecode.c.objc; path = EGORefreshTableHeaderView.m; sourceTree = "<group>"; };
		33EC2F0F165B83D70085EDC9 /* blackArrow.png */ = {isa = PBXFileReference; lastKnownFileType = image.png; path = blackArrow.png; sourceTree = "<group>"; };
		33EC2F10165B83D70085EDC9 /* blackArrow@2x.png */ = {isa = PBXFileReference; lastKnownFileType = image.png; path = "blackArrow@2x.png"; sourceTree = "<group>"; };
		33EC2F11165B83D70085EDC9 /* blueArrow.png */ = {isa = PBXFileReference; lastKnownFileType = image.png; path = blueArrow.png; sourceTree = "<group>"; };
		33EC2F12165B83D70085EDC9 /* blueArrow@2x.png */ = {isa = PBXFileReference; lastKnownFileType = image.png; path = "blueArrow@2x.png"; sourceTree = "<group>"; };
		33EC2F13165B83D70085EDC9 /* grayArrow.png */ = {isa = PBXFileReference; lastKnownFileType = image.png; path = grayArrow.png; sourceTree = "<group>"; };
		33EC2F14165B83D70085EDC9 /* grayArrow@2x.png */ = {isa = PBXFileReference; lastKnownFileType = image.png; path = "grayArrow@2x.png"; sourceTree = "<group>"; };
		33EC2F15165B83D70085EDC9 /* whiteArrow.png */ = {isa = PBXFileReference; lastKnownFileType = image.png; path = whiteArrow.png; sourceTree = "<group>"; };
		33EC2F16165B83D70085EDC9 /* whiteArrow@2x.png */ = {isa = PBXFileReference; lastKnownFileType = image.png; path = "whiteArrow@2x.png"; sourceTree = "<group>"; };
		33EC2F17165B83D70085EDC9 /* README */ = {isa = PBXFileReference; fileEncoding = 4; lastKnownFileType = text; path = README; sourceTree = "<group>"; };
		33EC2F19165B83D70085EDC9 /* DZServiceTableViewCell.xib */ = {isa = PBXFileReference; fileEncoding = 4; lastKnownFileType = file.xib; path = DZServiceTableViewCell.xib; sourceTree = "<group>"; };
		33EC2F1A165B83D70085EDC9 /* icon_bmp.png */ = {isa = PBXFileReference; lastKnownFileType = image.png; path = icon_bmp.png; sourceTree = "<group>"; };
		33EC2F1B165B83D70085EDC9 /* icon_doc.png */ = {isa = PBXFileReference; lastKnownFileType = image.png; path = icon_doc.png; sourceTree = "<group>"; };
		33EC2F1C165B83D70085EDC9 /* icon_folder.png */ = {isa = PBXFileReference; lastKnownFileType = image.png; path = icon_folder.png; sourceTree = "<group>"; };
		33EC2F1D165B83D70085EDC9 /* icon_gif.png */ = {isa = PBXFileReference; lastKnownFileType = image.png; path = icon_gif.png; sourceTree = "<group>"; };
		33EC2F1E165B83D70085EDC9 /* icon_jpeg.png */ = {isa = PBXFileReference; lastKnownFileType = image.png; path = icon_jpeg.png; sourceTree = "<group>"; };
		33EC2F1F165B83D70085EDC9 /* icon_jpg.png */ = {isa = PBXFileReference; lastKnownFileType = image.png; path = icon_jpg.png; sourceTree = "<group>"; };
		33EC2F20165B83D70085EDC9 /* icon_pdf.png */ = {isa = PBXFileReference; lastKnownFileType = image.png; path = icon_pdf.png; sourceTree = "<group>"; };
		33EC2F21165B83D70085EDC9 /* icon_png.png */ = {isa = PBXFileReference; lastKnownFileType = image.png; path = icon_png.png; sourceTree = "<group>"; };
		33EC2F22165B83D70085EDC9 /* icon_ppt.png */ = {isa = PBXFileReference; lastKnownFileType = image.png; path = icon_ppt.png; sourceTree = "<group>"; };
		33EC2F23165B83D70085EDC9 /* icon_rar.png */ = {isa = PBXFileReference; lastKnownFileType = image.png; path = icon_rar.png; sourceTree = "<group>"; };
		33EC2F24165B83D70085EDC9 /* icon_sitx.png */ = {isa = PBXFileReference; lastKnownFileType = image.png; path = icon_sitx.png; sourceTree = "<group>"; };
		33EC2F25165B83D70085EDC9 /* icon_tif.png */ = {isa = PBXFileReference; lastKnownFileType = image.png; path = icon_tif.png; sourceTree = "<group>"; };
		33EC2F26165B83D70085EDC9 /* icon_unknown.png */ = {isa = PBXFileReference; lastKnownFileType = image.png; path = icon_unknown.png; sourceTree = "<group>"; };
		33EC2F27165B83D70085EDC9 /* icon_xls.png */ = {isa = PBXFileReference; lastKnownFileType = image.png; path = icon_xls.png; sourceTree = "<group>"; };
		33EC2F28165B83D70085EDC9 /* icon_zip.png */ = {isa = PBXFileReference; lastKnownFileType = image.png; path = icon_zip.png; sourceTree = "<group>"; };
		33EC2F2D165B83D70085EDC9 /* logo_dropbox.png */ = {isa = PBXFileReference; lastKnownFileType = image.png; path = logo_dropbox.png; sourceTree = "<group>"; };
		33EC2F2E165B83D70085EDC9 /* logo_dropbox@2x.png */ = {isa = PBXFileReference; lastKnownFileType = image.png; path = "logo_dropbox@2x.png"; sourceTree = "<group>"; };
		33F5966E165C94A100764C86 /* sourcer.bundle */ = {isa = PBXFileReference; lastKnownFileType = "wrapper.plug-in"; path = sourcer.bundle; sourceTree = SOURCE_ROOT; };
		35CC50275810983DA733071B /* SourceCodeReader-Prefix.pch */ = {isa = PBXFileReference; lastKnownFileType = sourcecode.c.h; path = "SourceCodeReader-Prefix.pch"; sourceTree = "<group>"; };
		35CC509DB2E28085E738DCB9 /* SenTestingKit.framework */ = {isa = PBXFileReference; lastKnownFileType = wrapper.framework; name = SenTestingKit.framework; path = Library/Frameworks/SenTestingKit.framework; sourceTree = DEVELOPER_DIR; };
		35CC512DBDFA1B8AF2699F8C /* Security.framework */ = {isa = PBXFileReference; lastKnownFileType = wrapper.framework; name = Security.framework; path = System/Library/Frameworks/Security.framework; sourceTree = SDKROOT; };
		35CC519F6F3C5AC29E043B11 /* en */ = {isa = PBXFileReference; lastKnownFileType = file.storyboard; name = en; path = en.lproj/MainStoryboard.storyboard; sourceTree = "<group>"; };
		35CC51A9222B1DDFFD66E280 /* SourceCodeReaderTests.h */ = {isa = PBXFileReference; lastKnownFileType = sourcecode.c.h; path = SourceCodeReaderTests.h; sourceTree = "<group>"; };
		35CC51CCF2B247A59A1BA1A0 /* CoreGraphics.framework */ = {isa = PBXFileReference; lastKnownFileType = wrapper.framework; name = CoreGraphics.framework; path = System/Library/Frameworks/CoreGraphics.framework; sourceTree = SDKROOT; };
		35CC52381D3A0BC49B647860 /* SourceCodeReaderTests.m */ = {isa = PBXFileReference; lastKnownFileType = sourcecode.c.objc; path = SourceCodeReaderTests.m; sourceTree = "<group>"; };
		35CC53B2C2B3B7797FA08291 /* ViewController.h */ = {isa = PBXFileReference; lastKnownFileType = sourcecode.c.h; path = ViewController.h; sourceTree = "<group>"; };
		35CC546F25938546615138B7 /* main.m */ = {isa = PBXFileReference; lastKnownFileType = sourcecode.c.objc; path = main.m; sourceTree = "<group>"; };
		35CC54A5D7FEAAD8529C0401 /* NSString+CountString.m */ = {isa = PBXFileReference; fileEncoding = 4; lastKnownFileType = sourcecode.c.objc; path = "NSString+CountString.m"; sourceTree = "<group>"; };
		35CC54E971F555BE0915BDE3 /* SourceCodeReaderTests-Info.plist */ = {isa = PBXFileReference; lastKnownFileType = text.plist.info; path = "SourceCodeReaderTests-Info.plist"; sourceTree = "<group>"; };
		35CC5561378DEBCBE84D2C3D /* ZipHandler.m */ = {isa = PBXFileReference; fileEncoding = 4; lastKnownFileType = sourcecode.c.objc; path = ZipHandler.m; sourceTree = "<group>"; };
		35CC561E04322138729EAD02 /* AppDelegate.m */ = {isa = PBXFileReference; lastKnownFileType = sourcecode.c.objc; path = AppDelegate.m; sourceTree = "<group>"; };
		35CC565C05D466A77BCED885 /* UIKit.framework */ = {isa = PBXFileReference; lastKnownFileType = wrapper.framework; name = UIKit.framework; path = System/Library/Frameworks/UIKit.framework; sourceTree = SDKROOT; };
		35CC57047A1CCD451A723B19 /* ZipHandler.h */ = {isa = PBXFileReference; fileEncoding = 4; lastKnownFileType = sourcecode.c.h; path = ZipHandler.h; sourceTree = "<group>"; };
		35CC585D525FB1E90CE823F2 /* Foundation.framework */ = {isa = PBXFileReference; lastKnownFileType = wrapper.framework; name = Foundation.framework; path = System/Library/Frameworks/Foundation.framework; sourceTree = SDKROOT; };
		35CC5880FA33F0D9F53EE70B /* en */ = {isa = PBXFileReference; lastKnownFileType = text.plist.strings; name = en; path = en.lproj/InfoPlist.strings; sourceTree = "<group>"; };
		35CC58FDF5F4537A5FD462C3 /* ViewController.m */ = {isa = PBXFileReference; lastKnownFileType = sourcecode.c.objc; path = ViewController.m; sourceTree = "<group>"; };
		35CC597B4D895C74E7B6BAAE /* en */ = {isa = PBXFileReference; lastKnownFileType = text.plist.strings; name = en; path = en.lproj/InfoPlist.strings; sourceTree = "<group>"; };
		35CC5A45E1FA897EDF27EE9F /* QuartzCore.framework */ = {isa = PBXFileReference; lastKnownFileType = wrapper.framework; name = QuartzCore.framework; path = System/Library/Frameworks/QuartzCore.framework; sourceTree = SDKROOT; };
		35CC5B115C916DCFDAD39304 /* AppDelegate.h */ = {isa = PBXFileReference; lastKnownFileType = sourcecode.c.h; path = AppDelegate.h; sourceTree = "<group>"; };
		35CC5D0A4853773E2A45992B /* SourceCodeReader-Info.plist */ = {isa = PBXFileReference; lastKnownFileType = text.plist.info; path = "SourceCodeReader-Info.plist"; sourceTree = "<group>"; };
		35CC5DAD3A0FB919F9E71A62 /* SourcePickerController.h */ = {isa = PBXFileReference; fileEncoding = 4; lastKnownFileType = sourcecode.c.h; path = SourcePickerController.h; sourceTree = "<group>"; };
		35CC5E5887976AE2D6CC3CCF /* SourcePickerController.m */ = {isa = PBXFileReference; fileEncoding = 4; lastKnownFileType = sourcecode.c.objc; path = SourcePickerController.m; sourceTree = "<group>"; };
		35CC5EF653189A830315C4D4 /* NSString+CountString.h */ = {isa = PBXFileReference; fileEncoding = 4; lastKnownFileType = sourcecode.c.h; path = "NSString+CountString.h"; sourceTree = "<group>"; };
		35CC5F70ED11E668510B1401 /* SourceCodeReader.app */ = {isa = PBXFileReference; explicitFileType = wrapper.application; includeInIndex = 0; path = SourceCodeReader.app; sourceTree = BUILT_PRODUCTS_DIR; };
		35CC5F92FFC0684B42876047 /* SourceCodeReaderTests.octest */ = {isa = PBXFileReference; explicitFileType = wrapper.cfbundle; includeInIndex = 0; path = SourceCodeReaderTests.octest; sourceTree = BUILT_PRODUCTS_DIR; };
/* End PBXFileReference section */

/* Begin PBXFrameworksBuildPhase section */
		35CC5132F23A31CB9A105875 /* Frameworks */ = {
			isa = PBXFrameworksBuildPhase;
			buildActionMask = 2147483647;
			files = (
				35CC5E94DD53B0FE45BC2764 /* SenTestingKit.framework in Frameworks */,
				35CC5D15ECC21EC4DDBD11CC /* UIKit.framework in Frameworks */,
				35CC5152323D2FEEE0A9624F /* Foundation.framework in Frameworks */,
			);
			runOnlyForDeploymentPostprocessing = 0;
		};
		35CC5675FB049BDF4FCD04C0 /* Frameworks */ = {
			isa = PBXFrameworksBuildPhase;
			buildActionMask = 2147483647;
			files = (
				33D642AE165B77B60075481B /* libzipzap.a in Frameworks */,
				33D6429C165B728F0075481B /* libz.dylib in Frameworks */,
				33D6429A165B72850075481B /* libc++.dylib in Frameworks */,
				33D64298165B72720075481B /* ImageIO.framework in Frameworks */,
				35CC554309D619F16C051BB1 /* QuartzCore.framework in Frameworks */,
				332C76971659FEFA00ED81CD /* MobileCoreServices.framework in Frameworks */,
				332C76731659FE5900ED81CD /* SystemConfiguration.framework in Frameworks */,
				35CC53BBD5A3BF6292214000 /* Security.framework in Frameworks */,
				332C76701659FC2100ED81CD /* CFNetwork.framework in Frameworks */,
				35CC57341BD0E36D59B22F79 /* UIKit.framework in Frameworks */,
				35CC5117C3022BCB6D2792FD /* Foundation.framework in Frameworks */,
				35CC51C69977800FB35460A1 /* CoreGraphics.framework in Frameworks */,
				33EC2F4C165B83D70085EDC9 /* DropboxSDK.framework in Frameworks */,
			);
			runOnlyForDeploymentPostprocessing = 0;
		};
/* End PBXFrameworksBuildPhase section */

/* Begin PBXGroup section */
		33C9F55C16648C3E009341A5 /* KOTree */ = {
			isa = PBXGroup;
			children = (
				33C9F55D16648C3E009341A5 /* KOTree */,
			);
			path = KOTree;
			sourceTree = "<group>";
		};
		33C9F55D16648C3E009341A5 /* KOTree */ = {
			isa = PBXGroup;
			children = (
				33C9F55E16648C3E009341A5 /* copymove-cell-bg.png */,
				33C9F56116648C3E009341A5 /* item-counter.png */,
				33C9F56216648C3E009341A5 /* item-counter@2x.png */,
				33C9F56316648C3E009341A5 /* item-icon-folder-selected.png */,
				33C9F56416648C3E009341A5 /* item-icon-folder-selected@2x.png */,
				33C9F56516648C3E009341A5 /* item-icon-folder.png */,
				33C9F56616648C3E009341A5 /* item-icon-folder@2x.png */,
				33C9F56B16648C3E009341A5 /* KOTreeItem.h */,
				33C9F56C16648C3E009341A5 /* KOTreeItem.m */,
				33C9F56D16648C3E009341A5 /* KOTreeTableViewCell.h */,
				33C9F56E16648C3E009341A5 /* KOTreeTableViewCell.m */,
				33C9F56F16648C3E009341A5 /* KOTreeViewController.h */,
				33C9F57016648C3E009341A5 /* KOTreeViewController.m */,
			);
			path = KOTree;
			sourceTree = "<group>";
		};
		33D642A0165B777E0075481B /* Products */ = {
			isa = PBXGroup;
			children = (
				33D642A9165B777F0075481B /* libzipzap.a */,
				33D642AB165B777F0075481B /* libzipzap.a */,
				33D642AD165B777F0075481B /* zipzapTests.octest */,
			);
			name = Products;
			sourceTree = "<group>";
		};
		33EC2E78165B83D70085EDC9 /* Source */ = {
			isa = PBXGroup;
			children = (
				33EC2E79165B83D70085EDC9 /* Assets */,
				33EC2E7D165B83D70085EDC9 /* Cloud-Settings.plist */,
				33EC2E7E165B83D70085EDC9 /* DZAlertCenter.h */,
				33EC2E7F165B83D70085EDC9 /* DZAlertCenter.m */,
				33EC2E80165B83D70085EDC9 /* DZDocument.h */,
				33EC2E81165B83D70085EDC9 /* DZDocument.m */,
				33EC2E82165B83D70085EDC9 /* DZDocumentsPickerController.h */,
				33EC2E83165B83D70085EDC9 /* DZDocumentsPickerController.m */,
				33EC2E84165B83D70085EDC9 /* DZServicesManager.h */,
				33EC2E85165B83D70085EDC9 /* DZServicesManager.m */,
				33EC2E86165B83D70085EDC9 /* DZServiceTableViewCell.h */,
				33EC2E87165B83D70085EDC9 /* DZServiceTableViewCell.m */,
				33EC2E88165B83D70085EDC9 /* External */,
				33EC2F18165B83D70085EDC9 /* images */,
			);
			name = Source;
			path = DZDocumentsPickerController/Source;
			sourceTree = "<group>";
		};
		33EC2E79165B83D70085EDC9 /* Assets */ = {
			isa = PBXGroup;
			children = (
				33EC2E7A165B83D70085EDC9 /* Icon.psd */,
				33EC2E7B165B83D70085EDC9 /* screenshots.psd */,
				33EC2E7C165B83D70085EDC9 /* servicesLogos@2x.psd */,
			);
			path = Assets;
			sourceTree = "<group>";
		};
		33EC2E88165B83D70085EDC9 /* External */ = {
			isa = PBXGroup;
			children = (
				33EC2E89165B83D70085EDC9 /* DropboxSDK.framework */,
				33EC2E8A165B83D70085EDC9 /* DZEN_Categories */,
				33EC2EA1165B83D70085EDC9 /* Reachability */,
				33EC2EC7165B83D70085EDC9 /* TableViewPullRefresh */,
			);
			path = External;
			sourceTree = "<group>";
		};
		33EC2E8A165B83D70085EDC9 /* DZEN_Categories */ = {
			isa = PBXGroup;
			children = (
				33EC2E8B165B83D70085EDC9 /* .gitignore */,
				33EC2E8C165B83D70085EDC9 /* DZCategories.h */,
				33EC2E8D165B83D70085EDC9 /* NSArray+DZEN.h */,
				33EC2E8E165B83D70085EDC9 /* NSArray+DZEN.m */,
				33EC2E8F165B83D70085EDC9 /* NSDate+DZEN.h */,
				33EC2E90165B83D70085EDC9 /* NSDate+DZEN.m */,
				33EC2E91165B83D70085EDC9 /* NSMutableArray+DZEN.h */,
				33EC2E92165B83D70085EDC9 /* NSMutableArray+DZEN.m */,
				33EC2E93165B83D70085EDC9 /* NSObject+DZEN.h */,
				33EC2E94165B83D70085EDC9 /* NSObject+DZEN.m */,
				33EC2E95165B83D70085EDC9 /* NSString+DZEN.h */,
				33EC2E96165B83D70085EDC9 /* NSString+DZEN.m */,
				33EC2E97165B83D70085EDC9 /* UIColor+DZEN.h */,
				33EC2E98165B83D70085EDC9 /* UIColor+DZEN.m */,
				33EC2E99165B83D70085EDC9 /* UIImage+DZEN.h */,
				33EC2E9A165B83D70085EDC9 /* UIImage+DZEN.m */,
				33EC2E9B165B83D70085EDC9 /* UITableView+DZEN.h */,
				33EC2E9C165B83D70085EDC9 /* UITableView+DZEN.m */,
				33EC2E9D165B83D70085EDC9 /* UIView+DZEN.h */,
				33EC2E9E165B83D70085EDC9 /* UIView+DZEN.m */,
				33EC2E9F165B83D70085EDC9 /* UIWebView+DZEN.h */,
				33EC2EA0165B83D70085EDC9 /* UIWebView+DZEN.m */,
			);
			path = DZEN_Categories;
			sourceTree = "<group>";
		};
		33EC2EA1165B83D70085EDC9 /* Reachability */ = {
			isa = PBXGroup;
			children = (
				33EC2EA2165B83D70085EDC9 /* .gitignore */,
				33EC2EC3165B83D70085EDC9 /* Reachability.h */,
				33EC2EC4165B83D70085EDC9 /* Reachability.m */,
			);
			path = Reachability;
			sourceTree = "<group>";
		};
		33EC2EC7165B83D70085EDC9 /* TableViewPullRefresh */ = {
			isa = PBXGroup;
			children = (
				33EC2EC8165B83D70085EDC9 /* .gitignore */,
				33EC2F09165B83D70085EDC9 /* EGOTableViewPullRefresh */,
				33EC2F17165B83D70085EDC9 /* README */,
			);
			path = TableViewPullRefresh;
			sourceTree = "<group>";
		};
		33EC2F09165B83D70085EDC9 /* EGOTableViewPullRefresh */ = {
			isa = PBXGroup;
			children = (
				33EC2F0A165B83D70085EDC9 /* Classes */,
				33EC2F0E165B83D70085EDC9 /* Resources */,
			);
			path = EGOTableViewPullRefresh;
			sourceTree = "<group>";
		};
		33EC2F0A165B83D70085EDC9 /* Classes */ = {
			isa = PBXGroup;
			children = (
				33EC2F0B165B83D70085EDC9 /* View */,
			);
			path = Classes;
			sourceTree = "<group>";
		};
		33EC2F0B165B83D70085EDC9 /* View */ = {
			isa = PBXGroup;
			children = (
				33EC2F0C165B83D70085EDC9 /* EGORefreshTableHeaderView.h */,
				33EC2F0D165B83D70085EDC9 /* EGORefreshTableHeaderView.m */,
			);
			path = View;
			sourceTree = "<group>";
		};
		33EC2F0E165B83D70085EDC9 /* Resources */ = {
			isa = PBXGroup;
			children = (
				33EC2F0F165B83D70085EDC9 /* blackArrow.png */,
				33EC2F10165B83D70085EDC9 /* blackArrow@2x.png */,
				33EC2F11165B83D70085EDC9 /* blueArrow.png */,
				33EC2F12165B83D70085EDC9 /* blueArrow@2x.png */,
				33EC2F13165B83D70085EDC9 /* grayArrow.png */,
				33EC2F14165B83D70085EDC9 /* grayArrow@2x.png */,
				33EC2F15165B83D70085EDC9 /* whiteArrow.png */,
				33EC2F16165B83D70085EDC9 /* whiteArrow@2x.png */,
			);
			path = Resources;
			sourceTree = "<group>";
		};
		33EC2F18165B83D70085EDC9 /* images */ = {
			isa = PBXGroup;
			children = (
				33EC2F19165B83D70085EDC9 /* DZServiceTableViewCell.xib */,
				33EC2F1A165B83D70085EDC9 /* icon_bmp.png */,
				33EC2F1B165B83D70085EDC9 /* icon_doc.png */,
				33EC2F1C165B83D70085EDC9 /* icon_folder.png */,
				33EC2F1D165B83D70085EDC9 /* icon_gif.png */,
				33EC2F1E165B83D70085EDC9 /* icon_jpeg.png */,
				33EC2F1F165B83D70085EDC9 /* icon_jpg.png */,
				33EC2F20165B83D70085EDC9 /* icon_pdf.png */,
				33EC2F21165B83D70085EDC9 /* icon_png.png */,
				33EC2F22165B83D70085EDC9 /* icon_ppt.png */,
				33EC2F23165B83D70085EDC9 /* icon_rar.png */,
				33EC2F24165B83D70085EDC9 /* icon_sitx.png */,
				33EC2F25165B83D70085EDC9 /* icon_tif.png */,
				33EC2F26165B83D70085EDC9 /* icon_unknown.png */,
				33EC2F27165B83D70085EDC9 /* icon_xls.png */,
				33EC2F28165B83D70085EDC9 /* icon_zip.png */,
				33EC2F2D165B83D70085EDC9 /* logo_dropbox.png */,
				33EC2F2E165B83D70085EDC9 /* logo_dropbox@2x.png */,
			);
			path = images;
			sourceTree = "<group>";
		};
		33F1854C16654DA0007AFD6D /* Extension */ = {
			isa = PBXGroup;
			children = (
				33A87D1D1665470000115E6A /* GTMNSString+HTML.h */,
				33A87D1E1665470000115E6A /* NSString+HTML.h */,
				33A87D1F1665470000115E6A /* GTMNSString+HTML.m */,
				33A87D201665470000115E6A /* NSString+HTML.m */,
				35CC54A5D7FEAAD8529C0401 /* NSString+CountString.m */,
				35CC5EF653189A830315C4D4 /* NSString+CountString.h */,
			);
			name = Extension;
			sourceTree = "<group>";
		};
		35CC5222076C899D24FD6FB5 /* Supporting Files */ = {
			isa = PBXGroup;
			children = (
				35CC5D0A4853773E2A45992B /* SourceCodeReader-Info.plist */,
				35CC580484B33F6D2D3F36C9 /* InfoPlist.strings */,
				35CC546F25938546615138B7 /* main.m */,
				35CC50275810983DA733071B /* SourceCodeReader-Prefix.pch */,
			);
			name = "Supporting Files";
			sourceTree = "<group>";
		};
		35CC538303A5819DB16A325D /* SourceCodeReaderTests */ = {
			isa = PBXGroup;
			children = (
				35CC5F2F8906685A65E9FD56 /* Supporting Files */,
				35CC51A9222B1DDFFD66E280 /* SourceCodeReaderTests.h */,
				35CC52381D3A0BC49B647860 /* SourceCodeReaderTests.m */,
			);
			path = SourceCodeReaderTests;
			sourceTree = "<group>";
		};
		35CC56CEBF6B663E941D23BC /* SourceCodeReader */ = {
			isa = PBXGroup;
			children = (
				33F1854C16654DA0007AFD6D /* Extension */,
				33F5966E165C94A100764C86 /* sourcer.bundle */,
				35CC5222076C899D24FD6FB5 /* Supporting Files */,
				35CC5B115C916DCFDAD39304 /* AppDelegate.h */,
				35CC561E04322138729EAD02 /* AppDelegate.m */,
				35CC5C716A595E16B7C0B750 /* MainStoryboard.storyboard */,
				35CC53B2C2B3B7797FA08291 /* ViewController.h */,
				35CC58FDF5F4537A5FD462C3 /* ViewController.m */,
				35CC5DAD3A0FB919F9E71A62 /* SourcePickerController.h */,
				35CC5E5887976AE2D6CC3CCF /* SourcePickerController.m */,
				35CC5561378DEBCBE84D2C3D /* ZipHandler.m */,
				35CC57047A1CCD451A723B19 /* ZipHandler.h */,
			);
			path = SourceCodeReader;
			sourceTree = "<group>";
		};
		35CC59465526A468D3DA185F = {
			isa = PBXGroup;
			children = (
				33C9F55C16648C3E009341A5 /* KOTree */,
				33EC2E78165B83D70085EDC9 /* Source */,
				33D6429F165B777E0075481B /* zipzap.xcodeproj */,
				35CC5A1F1D18529E2BBA49C4 /* Products */,
				35CC5E7828D2CEBE9A58CAE7 /* Frameworks */,
				35CC56CEBF6B663E941D23BC /* SourceCodeReader */,
				35CC538303A5819DB16A325D /* SourceCodeReaderTests */,
			);
			sourceTree = "<group>";
		};
		35CC5A1F1D18529E2BBA49C4 /* Products */ = {
			isa = PBXGroup;
			children = (
				35CC5F70ED11E668510B1401 /* SourceCodeReader.app */,
				35CC5F92FFC0684B42876047 /* SourceCodeReaderTests.octest */,
			);
			name = Products;
			sourceTree = "<group>";
		};
		35CC5E7828D2CEBE9A58CAE7 /* Frameworks */ = {
			isa = PBXGroup;
			children = (
				33D6429B165B728F0075481B /* libz.dylib */,
				33D64299165B72850075481B /* libc++.dylib */,
				33D64297165B72720075481B /* ImageIO.framework */,
				332C76961659FEF900ED81CD /* MobileCoreServices.framework */,
				332C76721659FE5900ED81CD /* SystemConfiguration.framework */,
				332C766F1659FC2100ED81CD /* CFNetwork.framework */,
				35CC565C05D466A77BCED885 /* UIKit.framework */,
				35CC585D525FB1E90CE823F2 /* Foundation.framework */,
				35CC51CCF2B247A59A1BA1A0 /* CoreGraphics.framework */,
				35CC509DB2E28085E738DCB9 /* SenTestingKit.framework */,
				35CC512DBDFA1B8AF2699F8C /* Security.framework */,
				35CC5A45E1FA897EDF27EE9F /* QuartzCore.framework */,
			);
			name = Frameworks;
			sourceTree = "<group>";
		};
		35CC5F2F8906685A65E9FD56 /* Supporting Files */ = {
			isa = PBXGroup;
			children = (
				35CC54E971F555BE0915BDE3 /* SourceCodeReaderTests-Info.plist */,
				35CC592EA67B0F5A4EA7638E /* InfoPlist.strings */,
			);
			name = "Supporting Files";
			sourceTree = "<group>";
		};
/* End PBXGroup section */

/* Begin PBXNativeTarget section */
		35CC5548BB98675A1C0C4EC5 /* SourceCodeReader */ = {
			isa = PBXNativeTarget;
			buildConfigurationList = 35CC5CF53FF6592A4645F215 /* Build configuration list for PBXNativeTarget "SourceCodeReader" */;
			buildPhases = (
				35CC58C79F6A48B3FE17BDA4 /* Sources */,
				35CC5675FB049BDF4FCD04C0 /* Frameworks */,
				35CC5A701FF6AC26D1DF89B0 /* Resources */,
			);
			buildRules = (
			);
			dependencies = (
			);
			name = SourceCodeReader;
			productName = SourceCodeReader;
			productReference = 35CC5F70ED11E668510B1401 /* SourceCodeReader.app */;
			productType = "com.apple.product-type.application";
		};
		35CC5D0867D95377E4045D47 /* SourceCodeReaderTests */ = {
			isa = PBXNativeTarget;
			buildConfigurationList = 35CC549A82A2568E88ECEA84 /* Build configuration list for PBXNativeTarget "SourceCodeReaderTests" */;
			buildPhases = (
				35CC5ED04565D6547E58395F /* Sources */,
				35CC5132F23A31CB9A105875 /* Frameworks */,
				35CC5F7A2EE284DB20C1A2E0 /* Resources */,
				35CC509E00F135B510282CFB /* ShellScript */,
			);
			buildRules = (
			);
			dependencies = (
				35CC5517C82ADE8AF788DB75 /* PBXTargetDependency */,
			);
			name = SourceCodeReaderTests;
			productName = SourceCodeReaderTests;
			productReference = 35CC5F92FFC0684B42876047 /* SourceCodeReaderTests.octest */;
			productType = "com.apple.product-type.bundle";
		};
/* End PBXNativeTarget section */

/* Begin PBXProject section */
		35CC59DBF85A6AE2FE3DB440 /* Project object */ = {
			isa = PBXProject;
			buildConfigurationList = 35CC53844691DE3E982830E1 /* Build configuration list for PBXProject "SourceCodeReader" */;
			compatibilityVersion = "Xcode 3.2";
			developmentRegion = English;
			hasScannedForEncodings = 0;
			knownRegions = (
				en,
				English,
			);
			mainGroup = 35CC59465526A468D3DA185F;
			productRefGroup = 35CC5A1F1D18529E2BBA49C4 /* Products */;
			projectDirPath = "";
			projectReferences = (
				{
					ProductGroup = 33D642A0165B777E0075481B /* Products */;
					ProjectRef = 33D6429F165B777E0075481B /* zipzap.xcodeproj */;
				},
			);
			projectRoot = "";
			targets = (
				35CC5548BB98675A1C0C4EC5 /* SourceCodeReader */,
				35CC5D0867D95377E4045D47 /* SourceCodeReaderTests */,
			);
		};
/* End PBXProject section */

/* Begin PBXReferenceProxy section */
		33D642A9165B777F0075481B /* libzipzap.a */ = {
			isa = PBXReferenceProxy;
			fileType = archive.ar;
			path = libzipzap.a;
			remoteRef = 33D642A8165B777F0075481B /* PBXContainerItemProxy */;
			sourceTree = BUILT_PRODUCTS_DIR;
		};
		33D642AB165B777F0075481B /* libzipzap.a */ = {
			isa = PBXReferenceProxy;
			fileType = archive.ar;
			path = libzipzap.a;
			remoteRef = 33D642AA165B777F0075481B /* PBXContainerItemProxy */;
			sourceTree = BUILT_PRODUCTS_DIR;
		};
		33D642AD165B777F0075481B /* zipzapTests.octest */ = {
			isa = PBXReferenceProxy;
			fileType = wrapper.cfbundle;
			path = zipzapTests.octest;
			remoteRef = 33D642AC165B777F0075481B /* PBXContainerItemProxy */;
			sourceTree = BUILT_PRODUCTS_DIR;
		};
/* End PBXReferenceProxy section */

/* Begin PBXResourcesBuildPhase section */
		35CC5A701FF6AC26D1DF89B0 /* Resources */ = {
			isa = PBXResourcesBuildPhase;
			buildActionMask = 2147483647;
			files = (
				35CC5ADFF1C0E69AA9D14D38 /* InfoPlist.strings in Resources */,
				35CC53874DE22C53E9DDC7BF /* MainStoryboard.storyboard in Resources */,
				33EC2F46165B83D70085EDC9 /* Cloud-Settings.plist in Resources */,
				33EC2F90165B83D70085EDC9 /* blackArrow.png in Resources */,
				33EC2F91165B83D70085EDC9 /* blackArrow@2x.png in Resources */,
				33EC2F92165B83D70085EDC9 /* blueArrow.png in Resources */,
				33EC2F93165B83D70085EDC9 /* blueArrow@2x.png in Resources */,
				33EC2F94165B83D70085EDC9 /* grayArrow.png in Resources */,
				33EC2F95165B83D70085EDC9 /* grayArrow@2x.png in Resources */,
				33EC2F96165B83D70085EDC9 /* whiteArrow.png in Resources */,
				33EC2F97165B83D70085EDC9 /* whiteArrow@2x.png in Resources */,
				33EC2F99165B83D70085EDC9 /* DZServiceTableViewCell.xib in Resources */,
				33EC2F9A165B83D70085EDC9 /* icon_bmp.png in Resources */,
				33EC2F9B165B83D70085EDC9 /* icon_doc.png in Resources */,
				33EC2F9C165B83D70085EDC9 /* icon_folder.png in Resources */,
				33EC2F9D165B83D70085EDC9 /* icon_gif.png in Resources */,
				33EC2F9E165B83D70085EDC9 /* icon_jpeg.png in Resources */,
				33EC2F9F165B83D70085EDC9 /* icon_jpg.png in Resources */,
				33EC2FA0165B83D70085EDC9 /* icon_pdf.png in Resources */,
				33EC2FA1165B83D70085EDC9 /* icon_png.png in Resources */,
				33EC2FA2165B83D70085EDC9 /* icon_ppt.png in Resources */,
				33EC2FA3165B83D70085EDC9 /* icon_rar.png in Resources */,
				33EC2FA4165B83D70085EDC9 /* icon_sitx.png in Resources */,
				33EC2FA5165B83D70085EDC9 /* icon_tif.png in Resources */,
				33EC2FA6165B83D70085EDC9 /* icon_unknown.png in Resources */,
				33EC2FA7165B83D70085EDC9 /* icon_xls.png in Resources */,
				33EC2FA8165B83D70085EDC9 /* icon_zip.png in Resources */,
				33EC2FAD165B83D70085EDC9 /* logo_dropbox.png in Resources */,
				33EC2FAE165B83D70085EDC9 /* logo_dropbox@2x.png in Resources */,
				33F5966F165C94A100764C86 /* sourcer.bundle in Resources */,
				33C9F57B16648C3E009341A5 /* copymove-cell-bg.png in Resources */,
				33C9F57D16648C3E009341A5 /* item-counter.png in Resources */,
				33C9F57E16648C3E009341A5 /* item-counter@2x.png in Resources */,
				33C9F57F16648C3E009341A5 /* item-icon-folder-selected.png in Resources */,
				33C9F58016648C3E009341A5 /* item-icon-folder-selected@2x.png in Resources */,
				33C9F58116648C3E009341A5 /* item-icon-folder.png in Resources */,
				33C9F58216648C3E009341A5 /* item-icon-folder@2x.png in Resources */,
			);
			runOnlyForDeploymentPostprocessing = 0;
		};
		35CC5F7A2EE284DB20C1A2E0 /* Resources */ = {
			isa = PBXResourcesBuildPhase;
			buildActionMask = 2147483647;
			files = (
				35CC55AF35F05034D4238F7A /* InfoPlist.strings in Resources */,
			);
			runOnlyForDeploymentPostprocessing = 0;
		};
/* End PBXResourcesBuildPhase section */

/* Begin PBXShellScriptBuildPhase section */
		35CC509E00F135B510282CFB /* ShellScript */ = {
			isa = PBXShellScriptBuildPhase;
			buildActionMask = 2147483647;
			files = (
			);
			inputPaths = (
			);
			outputPaths = (
			);
			runOnlyForDeploymentPostprocessing = 0;
			shellPath = /bin/sh;
			shellScript = "# Run the unit tests in this test bundle.\n\"${SYSTEM_DEVELOPER_DIR}/Tools/RunUnitTests\"\n";
		};
/* End PBXShellScriptBuildPhase section */

/* Begin PBXSourcesBuildPhase section */
		35CC58C79F6A48B3FE17BDA4 /* Sources */ = {
			isa = PBXSourcesBuildPhase;
			buildActionMask = 2147483647;
			files = (
				35CC510859C6FF2DDEE84803 /* main.m in Sources */,
				35CC5C8C76AFAC62385EDB77 /* AppDelegate.m in Sources */,
				35CC54B715203EC50DC733F9 /* ViewController.m in Sources */,
				35CC58F8F856833206BAC371 /* SourcePickerController.m in Sources */,
				33EC2F47165B83D70085EDC9 /* DZAlertCenter.m in Sources */,
				33EC2F48165B83D70085EDC9 /* DZDocument.m in Sources */,
				33EC2F49165B83D70085EDC9 /* DZDocumentsPickerController.m in Sources */,
				33EC2F4A165B83D70085EDC9 /* DZServicesManager.m in Sources */,
				33EC2F4B165B83D70085EDC9 /* DZServiceTableViewCell.m in Sources */,
				33EC2F4E165B83D70085EDC9 /* NSArray+DZEN.m in Sources */,
				33EC2F4F165B83D70085EDC9 /* NSDate+DZEN.m in Sources */,
				33EC2F50165B83D70085EDC9 /* NSMutableArray+DZEN.m in Sources */,
				33EC2F51165B83D70085EDC9 /* NSObject+DZEN.m in Sources */,
				33EC2F52165B83D70085EDC9 /* NSString+DZEN.m in Sources */,
				33EC2F53165B83D70085EDC9 /* UIColor+DZEN.m in Sources */,
				33EC2F54165B83D70085EDC9 /* UIImage+DZEN.m in Sources */,
				33EC2F55165B83D70085EDC9 /* UITableView+DZEN.m in Sources */,
				33EC2F56165B83D70085EDC9 /* UIView+DZEN.m in Sources */,
				33EC2F57165B83D70085EDC9 /* UIWebView+DZEN.m in Sources */,
				33EC2F65165B83D70085EDC9 /* Reachability.m in Sources */,
				33EC2F8F165B83D70085EDC9 /* EGORefreshTableHeaderView.m in Sources */,
				35CC5D2464D7A46BDB7DCAE5 /* ZipHandler.m in Sources */,
				33C9F58516648C3E009341A5 /* KOTreeItem.m in Sources */,
				33C9F58616648C3E009341A5 /* KOTreeTableViewCell.m in Sources */,
				33C9F58716648C3E009341A5 /* KOTreeViewController.m in Sources */,
				35CC580A645C585097D2A214 /* NSString+CountString.m in Sources */,
				33A87D211665470000115E6A /* GTMNSString+HTML.m in Sources */,
				33A87D221665470000115E6A /* NSString+HTML.m in Sources */,
			);
			runOnlyForDeploymentPostprocessing = 0;
		};
		35CC5ED04565D6547E58395F /* Sources */ = {
			isa = PBXSourcesBuildPhase;
			buildActionMask = 2147483647;
			files = (
				35CC5B3E41665514ABB9F7BE /* SourceCodeReaderTests.m in Sources */,
			);
			runOnlyForDeploymentPostprocessing = 0;
		};
/* End PBXSourcesBuildPhase section */

/* Begin PBXTargetDependency section */
		35CC5517C82ADE8AF788DB75 /* PBXTargetDependency */ = {
			isa = PBXTargetDependency;
			target = 35CC5548BB98675A1C0C4EC5 /* SourceCodeReader */;
			targetProxy = 35CC52FD6CD6ACBE77391038 /* PBXContainerItemProxy */;
		};
/* End PBXTargetDependency section */

/* Begin PBXVariantGroup section */
		35CC580484B33F6D2D3F36C9 /* InfoPlist.strings */ = {
			isa = PBXVariantGroup;
			children = (
				35CC597B4D895C74E7B6BAAE /* en */,
			);
			name = InfoPlist.strings;
			sourceTree = "<group>";
		};
		35CC592EA67B0F5A4EA7638E /* InfoPlist.strings */ = {
			isa = PBXVariantGroup;
			children = (
				35CC5880FA33F0D9F53EE70B /* en */,
			);
			name = InfoPlist.strings;
			sourceTree = "<group>";
		};
		35CC5C716A595E16B7C0B750 /* MainStoryboard.storyboard */ = {
			isa = PBXVariantGroup;
			children = (
				35CC519F6F3C5AC29E043B11 /* en */,
			);
			name = MainStoryboard.storyboard;
			sourceTree = "<group>";
		};
/* End PBXVariantGroup section */

/* Begin XCBuildConfiguration section */
		35CC53564C5905B9F62A6BBB /* Debug */ = {
			isa = XCBuildConfiguration;
			buildSettings = {
				BUNDLE_LOADER = "$(BUILT_PRODUCTS_DIR)/SourceCodeReader.app/SourceCodeReader";
				FRAMEWORK_SEARCH_PATHS = (
					"\"$(SDKROOT)/Developer/Library/Frameworks\"",
					"\"$(DEVELOPER_LIBRARY_DIR)/Frameworks\"",
				);
				GCC_PRECOMPILE_PREFIX_HEADER = YES;
				GCC_PREFIX_HEADER = "SourceCodeReader/SourceCodeReader-Prefix.pch";
				INFOPLIST_FILE = "SourceCodeReaderTests/SourceCodeReaderTests-Info.plist";
				PRODUCT_NAME = "$(TARGET_NAME)";
				TEST_HOST = "$(BUNDLE_LOADER)";
				WRAPPER_EXTENSION = octest;
			};
			name = Debug;
		};
		35CC53C4F128F1AA7590121F /* Release */ = {
			isa = XCBuildConfiguration;
			buildSettings = {
				ALWAYS_SEARCH_USER_PATHS = NO;
				CLANG_CXX_LANGUAGE_STANDARD = "gnu++0x";
				CLANG_CXX_LIBRARY = "libc++";
				CLANG_ENABLE_OBJC_ARC = YES;
				CLANG_WARN_EMPTY_BODY = YES;
				CLANG_WARN__DUPLICATE_METHOD_MATCH = YES;
				CODE_SIGN_IDENTITY = "iPhone Developer: tacademy student (R28C52K58Z)";
				"CODE_SIGN_IDENTITY[sdk=iphoneos*]" = "iPhone Developer";
				COPY_PHASE_STRIP = YES;
				GCC_C_LANGUAGE_STANDARD = gnu99;
				GCC_WARN_ABOUT_RETURN_TYPE = YES;
				GCC_WARN_UNINITIALIZED_AUTOS = YES;
				GCC_WARN_UNUSED_VARIABLE = YES;
				IPHONEOS_DEPLOYMENT_TARGET = 5.1;
				OTHER_CFLAGS = "-DNS_BLOCK_ASSERTIONS=1";
				PROVISIONING_PROFILE = "";
				SDKROOT = iphoneos;
				TARGETED_DEVICE_FAMILY = 2;
				VALIDATE_PRODUCT = YES;
			};
			name = Release;
		};
		35CC571D9CC45904BABEFD7D /* Debug */ = {
			isa = XCBuildConfiguration;
			buildSettings = {
				ALWAYS_SEARCH_USER_PATHS = NO;
				CLANG_CXX_LANGUAGE_STANDARD = "gnu++0x";
				CLANG_CXX_LIBRARY = "libc++";
				CLANG_ENABLE_OBJC_ARC = YES;
				CLANG_WARN_EMPTY_BODY = YES;
				CLANG_WARN__DUPLICATE_METHOD_MATCH = YES;
				CODE_SIGN_IDENTITY = "iPhone Developer: tacademy student (R28C52K58Z)";
				"CODE_SIGN_IDENTITY[sdk=iphoneos*]" = "iPhone Developer";
				COPY_PHASE_STRIP = NO;
				GCC_C_LANGUAGE_STANDARD = gnu99;
				GCC_DYNAMIC_NO_PIC = NO;
				GCC_OPTIMIZATION_LEVEL = 0;
				GCC_PREPROCESSOR_DEFINITIONS = (
					"DEBUG=1",
					"$(inherited)",
				);
				GCC_SYMBOLS_PRIVATE_EXTERN = NO;
				GCC_WARN_ABOUT_RETURN_TYPE = YES;
				GCC_WARN_UNINITIALIZED_AUTOS = YES;
				GCC_WARN_UNUSED_VARIABLE = YES;
				IPHONEOS_DEPLOYMENT_TARGET = 5.1;
				ONLY_ACTIVE_ARCH = YES;
				PROVISIONING_PROFILE = "";
				SDKROOT = iphoneos;
				TARGETED_DEVICE_FAMILY = 2;
			};
			name = Debug;
		};
		35CC5B301D5FC821DB20EEC3 /* Release */ = {
			isa = XCBuildConfiguration;
			buildSettings = {
				CLANG_WARN_OBJCPP_ARC_ABI = NO;
				FRAMEWORK_SEARCH_PATHS = (
					"$(inherited)",
					"\"$(SRCROOT)/DZDocumentsPickerController/Source/External\"",
				);
				GCC_PRECOMPILE_PREFIX_HEADER = YES;
				GCC_PREFIX_HEADER = "SourceCodeReader/SourceCodeReader-Prefix.pch";
				HEADER_SEARCH_PATHS = ../zipzap;
				INFOPLIST_FILE = "SourceCodeReader/SourceCodeReader-Info.plist";
				IPHONEOS_DEPLOYMENT_TARGET = 5.0;
				LIBRARY_SEARCH_PATHS = (
					"$(inherited)",
					"\"$(SRCROOT)\"",
				);
				OTHER_LDFLAGS = "-ObjC";
				PRODUCT_NAME = "$(TARGET_NAME)";
				SDKROOT = iphoneos;
				USER_HEADER_SEARCH_PATHS = "\"${PROJECT_DIR}/zipzap\"/**";
				VALID_ARCHS = armv7;
				WRAPPER_EXTENSION = app;
			};
			name = Release;
		};
		35CC5CA53D3E36100F4B00E1 /* Debug */ = {
			isa = XCBuildConfiguration;
			buildSettings = {
				CLANG_WARN_OBJCPP_ARC_ABI = NO;
				FRAMEWORK_SEARCH_PATHS = (
					"$(inherited)",
					"\"$(SRCROOT)/DZDocumentsPickerController/Source/External\"",
				);
				GCC_PRECOMPILE_PREFIX_HEADER = YES;
				GCC_PREFIX_HEADER = "SourceCodeReader/SourceCodeReader-Prefix.pch";
				HEADER_SEARCH_PATHS = ../zipzap;
				INFOPLIST_FILE = "SourceCodeReader/SourceCodeReader-Info.plist";
				IPHONEOS_DEPLOYMENT_TARGET = 5.0;
				LIBRARY_SEARCH_PATHS = (
					"$(inherited)",
					"\"$(SRCROOT)\"",
				);
				OTHER_LDFLAGS = "-ObjC";
				PRODUCT_NAME = "$(TARGET_NAME)";
				SDKROOT = iphoneos;
				USER_HEADER_SEARCH_PATHS = "\"${PROJECT_DIR}/zipzap\"/**";
				VALID_ARCHS = armv7;
				WRAPPER_EXTENSION = app;
			};
			name = Debug;
		};
		35CC5EA83586D7F3C0747867 /* Release */ = {
			isa = XCBuildConfiguration;
			buildSettings = {
				BUNDLE_LOADER = "$(BUILT_PRODUCTS_DIR)/SourceCodeReader.app/SourceCodeReader";
				FRAMEWORK_SEARCH_PATHS = (
					"\"$(SDKROOT)/Developer/Library/Frameworks\"",
					"\"$(DEVELOPER_LIBRARY_DIR)/Frameworks\"",
				);
				GCC_PRECOMPILE_PREFIX_HEADER = YES;
				GCC_PREFIX_HEADER = "SourceCodeReader/SourceCodeReader-Prefix.pch";
				INFOPLIST_FILE = "SourceCodeReaderTests/SourceCodeReaderTests-Info.plist";
				PRODUCT_NAME = "$(TARGET_NAME)";
				TEST_HOST = "$(BUNDLE_LOADER)";
				WRAPPER_EXTENSION = octest;
			};
			name = Release;
		};
/* End XCBuildConfiguration section */

/* Begin XCConfigurationList section */
		35CC53844691DE3E982830E1 /* Build configuration list for PBXProject "SourceCodeReader" */ = {
			isa = XCConfigurationList;
			buildConfigurations = (
				35CC53C4F128F1AA7590121F /* Release */,
				35CC571D9CC45904BABEFD7D /* Debug */,
			);
			defaultConfigurationIsVisible = 0;
			defaultConfigurationName = Release;
		};
		35CC549A82A2568E88ECEA84 /* Build configuration list for PBXNativeTarget "SourceCodeReaderTests" */ = {
			isa = XCConfigurationList;
			buildConfigurations = (
				35CC5EA83586D7F3C0747867 /* Release */,
				35CC53564C5905B9F62A6BBB /* Debug */,
			);
			defaultConfigurationIsVisible = 0;
			defaultConfigurationName = Release;
		};
		35CC5CF53FF6592A4645F215 /* Build configuration list for PBXNativeTarget "SourceCodeReader" */ = {
			isa = XCConfigurationList;
			buildConfigurations = (
				35CC5B301D5FC821DB20EEC3 /* Release */,
				35CC5CA53D3E36100F4B00E1 /* Debug */,
			);
			defaultConfigurationIsVisible = 0;
			defaultConfigurationName = Release;
		};
/* End XCConfigurationList section */
	};
	rootObject = 35CC59DBF85A6AE2FE3DB440 /* Project object */;
}
